
Microsoft Visual Studio Solution File, Format Version 12.00
# Visual Studio Version 17
VisualStudioVersion = 17.14.36623.8
MinimumVisualStudioVersion = 10.0.40219.1
Project("{FAE04EC0-301F-11D3-BF4B-00C04F79EFBC}") = "Eng2Myan", "Eng2Myan\Eng2Myan.csproj", "{9F9F477B-2536-4DDD-9015-34147D44CD7D}"
EndProject
Global
	GlobalSection(SolutionConfigurationPlatforms) = preSolution
		Debug|Any CPU = Debug|Any CPU
		Debug|x64 = Debug|x64
		Release|Any CPU = Release|Any CPU
		Release|x64 = Release|x64
	EndGlobalSection
	GlobalSection(ProjectConfigurationPlatforms) = postSolution
		{9F9F477B-2536-4DDD-9015-34147D44CD7D}.Debug|Any CPU.ActiveCfg = Debug|Any CPU
		{9F9F477B-2536-4DDD-9015-34147D44CD7D}.Debug|Any CPU.Build.0 = Debug|Any CPU
		{9F9F477B-2536-4DDD-9015-34147D44CD7D}.Debug|x64.ActiveCfg = Debug|x64
		{9F9F477B-2536-4DDD-9015-34147D44CD7D}.Debug|x64.Build.0 = Debug|x64
		{9F9F477B-2536-4DDD-9015-34147D44CD7D}.Release|Any CPU.ActiveCfg = Release|Any CPU
		{9F9F477B-2536-4DDD-9015-34147D44CD7D}.Release|Any CPU.Build.0 = Release|Any CPU
		{9F9F477B-2536-4DDD-9015-34147D44CD7D}.Release|x64.ActiveCfg = Release|x64
		{9F9F477B-2536-4DDD-9015-34147D44CD7D}.Release|x64.Build.0 = Release|x64
	EndGlobalSection
	GlobalSection(SolutionProperties) = preSolution
		HideSolutionNode = FALSE
	EndGlobalSection
	GlobalSection(ExtensibilityGlobals) = postSolution
		SolutionGuid = {4F3D80CB-CFB0-4645-8210-F5F9A589E6CC}
	EndGlobalSection
EndGlobal
